{
  "name": "hooli-checker",
  "version": "1.0.0",
  "lockfileVersion": 1,
  "requires": true,
  "dependencies": {
    "csv-parse": {
      "version": "2.5.0",
      "resolved": "https://indigoag.jfrog.io/indigoag/api/npm/npm/csv-parse/-/csv-parse-2.5.0.tgz",
      "integrity": "sha1-ZXSJl+zDcZxZRiLbG56g4ut9Vrs=",
      "dev": true
    }
  }
}
